
Microsoft Visual Studio Solution File, Format Version 12.00
# Visual Studio 2013
VisualStudioVersion = 12.0.21005.1
MinimumVisualStudioVersion = 10.0.40219.1
Project("{FAE04EC0-301F-11D3-BF4B-00C04F79EFBC}") = "ly.MyBarRestService", "ly.MyBarRestService\ly.MyBarRestService.csproj", "{D89D3DD3-65C1-4B83-A5C2-E473E2677F25}"
EndProject
Project("{FAE04EC0-301F-11D3-BF4B-00C04F79EFBC}") = "ly.MyBarRepository", "ly.MyBarRepository\ly.MyBarRepository.csproj", "{70733623-9EEC-4C26-86CC-6E90AC2481CB}"
EndProject
Global
	GlobalSection(SolutionConfigurationPlatforms) = preSolution
		Debug|Any CPU = Debug|Any CPU
		Release|Any CPU = Release|Any CPU
	EndGlobalSection
	GlobalSection(ProjectConfigurationPlatforms) = postSolution
		{D89D3DD3-65C1-4B83-A5C2-E473E2677F25}.Debug|Any CPU.ActiveCfg = Debug|Any CPU
		{D89D3DD3-65C1-4B83-A5C2-E473E2677F25}.Debug|Any CPU.Build.0 = Debug|Any CPU
		{D89D3DD3-65C1-4B83-A5C2-E473E2677F25}.Release|Any CPU.ActiveCfg = Release|Any CPU
		{D89D3DD3-65C1-4B83-A5C2-E473E2677F25}.Release|Any CPU.Build.0 = Release|Any CPU
		{70733623-9EEC-4C26-86CC-6E90AC2481CB}.Debug|Any CPU.ActiveCfg = Debug|Any CPU
		{70733623-9EEC-4C26-86CC-6E90AC2481CB}.Debug|Any CPU.Build.0 = Debug|Any CPU
		{70733623-9EEC-4C26-86CC-6E90AC2481CB}.Release|Any CPU.ActiveCfg = Release|Any CPU
		{70733623-9EEC-4C26-86CC-6E90AC2481CB}.Release|Any CPU.Build.0 = Release|Any CPU
	EndGlobalSection
	GlobalSection(SolutionProperties) = preSolution
		HideSolutionNode = FALSE
	EndGlobalSection
EndGlobal
